
Microsoft Visual Studio Solution File, Format Version 12.00
# Visual Studio 15
VisualStudioVersion = 15.0.25807.0
MinimumVisualStudioVersion = 10.0.40219.1
Project("{2150E333-8FDC-42A3-9474-1A3956D46DE8}") = "Engine", "Engine", "{F8A88E4E-1887-4F93-9FFA-582F3BDC5938}"
EndProject
Project("{2150E333-8FDC-42A3-9474-1A3956D46DE8}") = "Games", "Games", "{A944471B-BA78-43F1-B118-8BFA6C6630F4}"
EndProject
Project("{8BC9CEB8-8B4A-11D0-8D11-00A0C91BC942}") = "UE4", "Intermediate\ProjectFiles\UE4.vcxproj", "{13A3D5C6-7D46-4C86-9699-8C34AE60F942}"
EndProject
Project("{8BC9CEB8-8B4A-11D0-8D11-00A0C91BC942}") = "FPS", "Intermediate\ProjectFiles\FPS.vcxproj", "{D68DE83B-0CF4-4F07-9DAE-5BBD5D358E1D}"
EndProject
Project("{2150E333-8FDC-42A3-9474-1A3956D46DE8}") = "Visualizers", "Visualizers", "{1D15D4FE-7B22-43B3-B731-68D65E41BBED}"
	ProjectSection(SolutionItems) = preProject
		..\Epic Games\UE_4.21\Engine\Extras\VisualStudioDebugging\UE4.natvis = ..\Epic Games\UE_4.21\Engine\Extras\VisualStudioDebugging\UE4.natvis
	EndProjectSection
EndProject
Global
	GlobalSection(SolutionConfigurationPlatforms) = preSolution
		DebugGame Editor|HTML5 = DebugGame Editor|HTML5
		DebugGame Editor|IOS = DebugGame Editor|IOS
		DebugGame Editor|Win32 = DebugGame Editor|Win32
		DebugGame Editor|Win64 = DebugGame Editor|Win64
		DebugGame|HTML5 = DebugGame|HTML5
		DebugGame|IOS = DebugGame|IOS
		DebugGame|Win32 = DebugGame|Win32
		DebugGame|Win64 = DebugGame|Win64
		Development Editor|HTML5 = Development Editor|HTML5
		Development Editor|IOS = Development Editor|IOS
		Development Editor|Win32 = Development Editor|Win32
		Development Editor|Win64 = Development Editor|Win64
		Development|HTML5 = Development|HTML5
		Development|IOS = Development|IOS
		Development|Win32 = Development|Win32
		Development|Win64 = Development|Win64
		Shipping|HTML5 = Shipping|HTML5
		Shipping|IOS = Shipping|IOS
		Shipping|Win32 = Shipping|Win32
		Shipping|Win64 = Shipping|Win64
	EndGlobalSection
	GlobalSection(ProjectConfigurationPlatforms) = postSolution
		{13A3D5C6-7D46-4C86-9699-8C34AE60F942}.DebugGame Editor|HTML5.ActiveCfg = BuiltWithUnrealBuildTool|Win32
		{13A3D5C6-7D46-4C86-9699-8C34AE60F942}.DebugGame Editor|HTML5.Build.0 = BuiltWithUnrealBuildTool|Win32
		{13A3D5C6-7D46-4C86-9699-8C34AE60F942}.DebugGame Editor|IOS.ActiveCfg = BuiltWithUnrealBuildTool|Win32
		{13A3D5C6-7D46-4C86-9699-8C34AE60F942}.DebugGame Editor|Win32.ActiveCfg = BuiltWithUnrealBuildTool|Win32
		{13A3D5C6-7D46-4C86-9699-8C34AE60F942}.DebugGame Editor|Win64.ActiveCfg = BuiltWithUnrealBuildTool|Win32
		{13A3D5C6-7D46-4C86-9699-8C34AE60F942}.DebugGame Editor|Win64.Build.0 = BuiltWithUnrealBuildTool|Win32
		{13A3D5C6-7D46-4C86-9699-8C34AE60F942}.DebugGame|HTML5.ActiveCfg = BuiltWithUnrealBuildTool|Win32
		{13A3D5C6-7D46-4C86-9699-8C34AE60F942}.DebugGame|IOS.ActiveCfg = BuiltWithUnrealBuildTool|Win32
		{13A3D5C6-7D46-4C86-9699-8C34AE60F942}.DebugGame|Win32.ActiveCfg = BuiltWithUnrealBuildTool|Win32
		{13A3D5C6-7D46-4C86-9699-8C34AE60F942}.DebugGame|Win64.ActiveCfg = BuiltWithUnrealBuildTool|Win32
		{13A3D5C6-7D46-4C86-9699-8C34AE60F942}.Development Editor|HTML5.ActiveCfg = BuiltWithUnrealBuildTool|Win32
		{13A3D5C6-7D46-4C86-9699-8C34AE60F942}.Development Editor|IOS.ActiveCfg = BuiltWithUnrealBuildTool|Win32
		{13A3D5C6-7D46-4C86-9699-8C34AE60F942}.Development Editor|Win32.ActiveCfg = BuiltWithUnrealBuildTool|Win32
		{13A3D5C6-7D46-4C86-9699-8C34AE60F942}.Development Editor|Win64.ActiveCfg = BuiltWithUnrealBuildTool|Win32
		{13A3D5C6-7D46-4C86-9699-8C34AE60F942}.Development|HTML5.ActiveCfg = BuiltWithUnrealBuildTool|Win32
		{13A3D5C6-7D46-4C86-9699-8C34AE60F942}.Development|IOS.ActiveCfg = BuiltWithUnrealBuildTool|Win32
		{13A3D5C6-7D46-4C86-9699-8C34AE60F942}.Development|Win32.ActiveCfg = BuiltWithUnrealBuildTool|Win32
		{13A3D5C6-7D46-4C86-9699-8C34AE60F942}.Development|Win64.ActiveCfg = BuiltWithUnrealBuildTool|Win32
		{13A3D5C6-7D46-4C86-9699-8C34AE60F942}.Shipping|HTML5.ActiveCfg = BuiltWithUnrealBuildTool|Win32
		{13A3D5C6-7D46-4C86-9699-8C34AE60F942}.Shipping|IOS.ActiveCfg = BuiltWithUnrealBuildTool|Win32
		{13A3D5C6-7D46-4C86-9699-8C34AE60F942}.Shipping|Win32.ActiveCfg = BuiltWithUnrealBuildTool|Win32
		{13A3D5C6-7D46-4C86-9699-8C34AE60F942}.Shipping|Win64.ActiveCfg = BuiltWithUnrealBuildTool|Win32
		{D68DE83B-0CF4-4F07-9DAE-5BBD5D358E1D}.DebugGame Editor|HTML5.ActiveCfg = Invalid|Win32
		{D68DE83B-0CF4-4F07-9DAE-5BBD5D358E1D}.DebugGame Editor|HTML5.Build.0 = Invalid|Win32
		{D68DE83B-0CF4-4F07-9DAE-5BBD5D358E1D}.DebugGame Editor|IOS.ActiveCfg = Invalid|Win32
		{D68DE83B-0CF4-4F07-9DAE-5BBD5D358E1D}.DebugGame Editor|Win32.ActiveCfg = Invalid|Win32
		{D68DE83B-0CF4-4F07-9DAE-5BBD5D358E1D}.DebugGame Editor|Win64.ActiveCfg = Development_Editor|x64
		{D68DE83B-0CF4-4F07-9DAE-5BBD5D358E1D}.DebugGame Editor|Win64.Build.0 = Development_Editor|x64
		{D68DE83B-0CF4-4F07-9DAE-5BBD5D358E1D}.DebugGame|HTML5.ActiveCfg = HTML5_DebugGame|Win32
		{D68DE83B-0CF4-4F07-9DAE-5BBD5D358E1D}.DebugGame|HTML5.Build.0 = HTML5_DebugGame|Win32
		{D68DE83B-0CF4-4F07-9DAE-5BBD5D358E1D}.DebugGame|IOS.ActiveCfg = IOS_DebugGame|Win32
		{D68DE83B-0CF4-4F07-9DAE-5BBD5D358E1D}.DebugGame|IOS.Build.0 = IOS_DebugGame|Win32
		{D68DE83B-0CF4-4F07-9DAE-5BBD5D358E1D}.DebugGame|Win32.ActiveCfg = DebugGame|Win32
		{D68DE83B-0CF4-4F07-9DAE-5BBD5D358E1D}.DebugGame|Win32.Build.0 = DebugGame|Win32
		{D68DE83B-0CF4-4F07-9DAE-5BBD5D358E1D}.DebugGame|Win64.ActiveCfg = DebugGame|x64
		{D68DE83B-0CF4-4F07-9DAE-5BBD5D358E1D}.DebugGame|Win64.Build.0 = DebugGame|x64
		{D68DE83B-0CF4-4F07-9DAE-5BBD5D358E1D}.Development Editor|HTML5.ActiveCfg = Invalid|Win32
		{D68DE83B-0CF4-4F07-9DAE-5BBD5D358E1D}.Development Editor|IOS.ActiveCfg = Invalid|Win32
		{D68DE83B-0CF4-4F07-9DAE-5BBD5D358E1D}.Development Editor|Win32.ActiveCfg = Invalid|Win32
		{D68DE83B-0CF4-4F07-9DAE-5BBD5D358E1D}.Development Editor|Win64.ActiveCfg = Development_Editor|x64
		{D68DE83B-0CF4-4F07-9DAE-5BBD5D358E1D}.Development Editor|Win64.Build.0 = Development_Editor|x64
		{D68DE83B-0CF4-4F07-9DAE-5BBD5D358E1D}.Development|HTML5.ActiveCfg = HTML5_Development|Win32
		{D68DE83B-0CF4-4F07-9DAE-5BBD5D358E1D}.Development|HTML5.Build.0 = HTML5_Development|Win32
		{D68DE83B-0CF4-4F07-9DAE-5BBD5D358E1D}.Development|IOS.ActiveCfg = IOS_Development|Win32
		{D68DE83B-0CF4-4F07-9DAE-5BBD5D358E1D}.Development|IOS.Build.0 = IOS_Development|Win32
		{D68DE83B-0CF4-4F07-9DAE-5BBD5D358E1D}.Development|Win32.ActiveCfg = Development|Win32
		{D68DE83B-0CF4-4F07-9DAE-5BBD5D358E1D}.Development|Win32.Build.0 = Development|Win32
		{D68DE83B-0CF4-4F07-9DAE-5BBD5D358E1D}.Development|Win64.ActiveCfg = Development|x64
		{D68DE83B-0CF4-4F07-9DAE-5BBD5D358E1D}.Development|Win64.Build.0 = Development|x64
		{D68DE83B-0CF4-4F07-9DAE-5BBD5D358E1D}.Shipping|HTML5.ActiveCfg = HTML5_Shipping|Win32
		{D68DE83B-0CF4-4F07-9DAE-5BBD5D358E1D}.Shipping|HTML5.Build.0 = HTML5_Shipping|Win32
		{D68DE83B-0CF4-4F07-9DAE-5BBD5D358E1D}.Shipping|IOS.ActiveCfg = IOS_Shipping|Win32
		{D68DE83B-0CF4-4F07-9DAE-5BBD5D358E1D}.Shipping|IOS.Build.0 = IOS_Shipping|Win32
		{D68DE83B-0CF4-4F07-9DAE-5BBD5D358E1D}.Shipping|Win32.ActiveCfg = Shipping|Win32
		{D68DE83B-0CF4-4F07-9DAE-5BBD5D358E1D}.Shipping|Win32.Build.0 = Shipping|Win32
		{D68DE83B-0CF4-4F07-9DAE-5BBD5D358E1D}.Shipping|Win64.ActiveCfg = Shipping|x64
		{D68DE83B-0CF4-4F07-9DAE-5BBD5D358E1D}.Shipping|Win64.Build.0 = Shipping|x64
	EndGlobalSection
	GlobalSection(SolutionProperties) = preSolution
		HideSolutionNode = FALSE
	EndGlobalSection
	GlobalSection(NestedProjects) = preSolution
		{13A3D5C6-7D46-4C86-9699-8C34AE60F942} = {F8A88E4E-1887-4F93-9FFA-582F3BDC5938}
		{D68DE83B-0CF4-4F07-9DAE-5BBD5D358E1D} = {A944471B-BA78-43F1-B118-8BFA6C6630F4}
	EndGlobalSection
	GlobalSection(ExtensibilityGlobals) = postSolution
		SolutionGuid = {9A9EE017-9707-455F-AF6D-20B95735DE0E}
	EndGlobalSection
EndGlobal
